Microsoft Visual Studio Solution File, Format Version 12.00
# Visual Studio Version 17
VisualStudioVersion = 17.5.2.0
MinimumVisualStudioVersion = 10.0.40219.1
Project("{FAE04EC0-301F-11D3-BF4B-00C04F79EFBC}") = "Proxy", "Proxy\Proxy.csproj", "{47B0A6C7-1F50-C268-8CE6-88FF7EC07B01}"
EndProject
Global
	GlobalSection(SolutionConfigurationPlatforms) = preSolution
		Debug|Any CPU = Debug|Any CPU
		Release|Any CPU = Release|Any CPU
	EndGlobalSection
	GlobalSection(ProjectConfigurationPlatforms) = postSolution
		{47B0A6C7-1F50-C268-8CE6-88FF7EC07B01}.Debug|Any CPU.ActiveCfg = Debug|Any CPU
		{47B0A6C7-1F50-C268-8CE6-88FF7EC07B01}.Debug|Any CPU.Build.0 = Debug|Any CPU
		{47B0A6C7-1F50-C268-8CE6-88FF7EC07B01}.Release|Any CPU.ActiveCfg = Release|Any CPU
		{47B0A6C7-1F50-C268-8CE6-88FF7EC07B01}.Release|Any CPU.Build.0 = Release|Any CPU
	EndGlobalSection
	GlobalSection(SolutionProperties) = preSolution
		HideSolutionNode = FALSE
	EndGlobalSection
	GlobalSection(ExtensibilityGlobals) = postSolution
		SolutionGuid = {26DB73C5-A90C-45B3-A1FA-8AE2F30235A4}
	EndGlobalSection
EndGlobal
